// !$*UTF8*$!
{
	archiveVersion = 1;
	classes = {
	};
	objectVersion = 50;
	objects = {

/* Begin PBXBuildFile section */
		2B29EBDF20EA19F90011AEA1 /* ConverterWrapper.swift in Sources */ = {isa = PBXBuildFile; fileRef = 2B29EBDE20EA19F90011AEA1 /* ConverterWrapper.swift */; };
		2BBFC21820D3665D00F3FA50 /* AppDelegate.swift in Sources */ = {isa = PBXBuildFile; fileRef = 2BBFC21720D3665D00F3FA50 /* AppDelegate.swift */; };
		2BBFC21A20D3665D00F3FA50 /* ViewController.swift in Sources */ = {isa = PBXBuildFile; fileRef = 2BBFC21920D3665D00F3FA50 /* ViewController.swift */; };
		2BBFC21D20D3665D00F3FA50 /* Main.storyboard in Resources */ = {isa = PBXBuildFile; fileRef = 2BBFC21B20D3665D00F3FA50 /* Main.storyboard */; };
		2BBFC21F20D3665F00F3FA50 /* Assets.xcassets in Resources */ = {isa = PBXBuildFile; fileRef = 2BBFC21E20D3665F00F3FA50 /* Assets.xcassets */; };
		2BBFC22220D3665F00F3FA50 /* LaunchScreen.storyboard in Resources */ = {isa = PBXBuildFile; fileRef = 2BBFC22020D3665F00F3FA50 /* LaunchScreen.storyboard */; };
		2BBFC26D20D36F2C00F3FA50 /* wstring_utils.cpp in Sources */ = {isa = PBXBuildFile; fileRef = 2BBFC25220D36F2C00F3FA50 /* wstring_utils.cpp */; };
		2BBFC26E20D36F2C00F3FA50 /* native-lib.cpp in Sources */ = {isa = PBXBuildFile; fileRef = 2BBFC25320D36F2C00F3FA50 /* native-lib.cpp */; };
		2BBFC26F20D36F2C00F3FA50 /* Markup.cpp in Sources */ = {isa = PBXBuildFile; fileRef = 2BBFC25C20D36F2C00F3FA50 /* Markup.cpp */; };
		2BBFC27020D36F2C00F3FA50 /* Content.cpp in Sources */ = {isa = PBXBuildFile; fileRef = 2BBFC25D20D36F2C00F3FA50 /* Content.cpp */; };
		2BBFC27120D36F2C00F3FA50 /* Paragraph.cpp in Sources */ = {isa = PBXBuildFile; fileRef = 2BBFC25E20D36F2C00F3FA50 /* Paragraph.cpp */; };
		2BBFC27220D36F2C00F3FA50 /* BodyModel.cpp in Sources */ = {isa = PBXBuildFile; fileRef = 2BBFC26020D36F2C00F3FA50 /* BodyModel.cpp */; };
		2BBFC27320D36F2C00F3FA50 /* Parser.cpp in Sources */ = {isa = PBXBuildFile; fileRef = 2BBFC26120D36F2C00F3FA50 /* Parser.cpp */; };
		2BBFC27420D36F2C00F3FA50 /* Style.cpp in Sources */ = {isa = PBXBuildFile; fileRef = 2BBFC26520D36F2C00F3FA50 /* Style.cpp */; };
		2BBFC27520D36F2C00F3FA50 /* Json2MarkdownParser.cpp in Sources */ = {isa = PBXBuildFile; fileRef = 2BBFC26620D36F2C00F3FA50 /* Json2MarkdownParser.cpp */; };
		2BBFC27620D36F2C00F3FA50 /* Block.cpp in Sources */ = {isa = PBXBuildFile; fileRef = 2BBFC26720D36F2C00F3FA50 /* Block.cpp */; };
		2BBFC27720D36F2C00F3FA50 /* Doc.cpp in Sources */ = {isa = PBXBuildFile; fileRef = 2BBFC26A20D36F2C00F3FA50 /* Doc.cpp */; };
		2BBFC27920D39FD300F3FA50 /* Wrapper.mm in Sources */ = {isa = PBXBuildFile; fileRef = 2BBFC27820D39FD300F3FA50 /* Wrapper.mm */; };
/* End PBXBuildFile section */

/* Begin PBXFileReference section */
		2B29EBDE20EA19F90011AEA1 /* ConverterWrapper.swift */ = {isa = PBXFileReference; lastKnownFileType = sourcecode.swift; path = ConverterWrapper.swift; sourceTree = "<group>"; };
		2BBFC21420D3665D00F3FA50 /* SwiftPlusCPP.app */ = {isa = PBXFileReference; explicitFileType = wrapper.application; includeInIndex = 0; path = SwiftPlusCPP.app; sourceTree = BUILT_PRODUCTS_DIR; };
		2BBFC21720D3665D00F3FA50 /* AppDelegate.swift */ = {isa = PBXFileReference; lastKnownFileType = sourcecode.swift; path = AppDelegate.swift; sourceTree = "<group>"; };
		2BBFC21920D3665D00F3FA50 /* ViewController.swift */ = {isa = PBXFileReference; lastKnownFileType = sourcecode.swift; path = ViewController.swift; sourceTree = "<group>"; };
		2BBFC21C20D3665D00F3FA50 /* Base */ = {isa = PBXFileReference; lastKnownFileType = file.storyboard; name = Base; path = Base.lproj/Main.storyboard; sourceTree = "<group>"; };
		2BBFC21E20D3665F00F3FA50 /* Assets.xcassets */ = {isa = PBXFileReference; lastKnownFileType = folder.assetcatalog; path = Assets.xcassets; sourceTree = "<group>"; };
		2BBFC22120D3665F00F3FA50 /* Base */ = {isa = PBXFileReference; lastKnownFileType = file.storyboard; name = Base; path = Base.lproj/LaunchScreen.storyboard; sourceTree = "<group>"; };
		2BBFC22320D3665F00F3FA50 /* Info.plist */ = {isa = PBXFileReference; lastKnownFileType = text.plist.xml; path = Info.plist; sourceTree = "<group>"; };
		2BBFC25220D36F2C00F3FA50 /* wstring_utils.cpp */ = {isa = PBXFileReference; fileEncoding = 4; lastKnownFileType = sourcecode.cpp.cpp; path = wstring_utils.cpp; sourceTree = "<group>"; };
		2BBFC25320D36F2C00F3FA50 /* native-lib.cpp */ = {isa = PBXFileReference; fileEncoding = 4; lastKnownFileType = sourcecode.cpp.cpp; path = "native-lib.cpp"; sourceTree = "<group>"; };
		2BBFC25520D36F2C00F3FA50 /* GenerateId.hpp */ = {isa = PBXFileReference; fileEncoding = 4; lastKnownFileType = sourcecode.cpp.h; path = GenerateId.hpp; sourceTree = "<group>"; };
		2BBFC25620D36F2C00F3FA50 /* Paragraph.hpp */ = {isa = PBXFileReference; fileEncoding = 4; lastKnownFileType = sourcecode.cpp.h; path = Paragraph.hpp; sourceTree = "<group>"; };
		2BBFC25720D36F2C00F3FA50 /* BodyModel.hpp */ = {isa = PBXFileReference; fileEncoding = 4; lastKnownFileType = sourcecode.cpp.h; path = BodyModel.hpp; sourceTree = "<group>"; };
		2BBFC25820D36F2C00F3FA50 /* Parser.hpp */ = {isa = PBXFileReference; fileEncoding = 4; lastKnownFileType = sourcecode.cpp.h; path = Parser.hpp; sourceTree = "<group>"; };
		2BBFC25920D36F2C00F3FA50 /* Rule.hpp */ = {isa = PBXFileReference; fileEncoding = 4; lastKnownFileType = sourcecode.cpp.h; path = Rule.hpp; sourceTree = "<group>"; };
		2BBFC25A20D36F2C00F3FA50 /* Markup.hpp */ = {isa = PBXFileReference; fileEncoding = 4; lastKnownFileType = sourcecode.cpp.h; path = Markup.hpp; sourceTree = "<group>"; };
		2BBFC25B20D36F2C00F3FA50 /* Content.hpp */ = {isa = PBXFileReference; fileEncoding = 4; lastKnownFileType = sourcecode.cpp.h; path = Content.hpp; sourceTree = "<group>"; };
		2BBFC25C20D36F2C00F3FA50 /* Markup.cpp */ = {isa = PBXFileReference; fileEncoding = 4; lastKnownFileType = sourcecode.cpp.cpp; path = Markup.cpp; sourceTree = "<group>"; };
		2BBFC25D20D36F2C00F3FA50 /* Content.cpp */ = {isa = PBXFileReference; fileEncoding = 4; lastKnownFileType = sourcecode.cpp.cpp; path = Content.cpp; sourceTree = "<group>"; };
		2BBFC25E20D36F2C00F3FA50 /* Paragraph.cpp */ = {isa = PBXFileReference; fileEncoding = 4; lastKnownFileType = sourcecode.cpp.cpp; path = Paragraph.cpp; sourceTree = "<group>"; };
		2BBFC25F20D36F2C00F3FA50 /* BlockType.hpp */ = {isa = PBXFileReference; fileEncoding = 4; lastKnownFileType = sourcecode.cpp.h; path = BlockType.hpp; sourceTree = "<group>"; };
		2BBFC26020D36F2C00F3FA50 /* BodyModel.cpp */ = {isa = PBXFileReference; fileEncoding = 4; lastKnownFileType = sourcecode.cpp.cpp; path = BodyModel.cpp; sourceTree = "<group>"; };
		2BBFC26120D36F2C00F3FA50 /* Parser.cpp */ = {isa = PBXFileReference; fileEncoding = 4; lastKnownFileType = sourcecode.cpp.cpp; path = Parser.cpp; sourceTree = "<group>"; };
		2BBFC26220D36F2C00F3FA50 /* json.h */ = {isa = PBXFileReference; fileEncoding = 4; lastKnownFileType = sourcecode.c.h; path = json.h; sourceTree = "<group>"; };
		2BBFC26420D36F2C00F3FA50 /* Doc.hpp */ = {isa = PBXFileReference; fileEncoding = 4; lastKnownFileType = sourcecode.cpp.h; path = Doc.hpp; sourceTree = "<group>"; };
		2BBFC26520D36F2C00F3FA50 /* Style.cpp */ = {isa = PBXFileReference; fileEncoding = 4; lastKnownFileType = sourcecode.cpp.cpp; path = Style.cpp; sourceTree = "<group>"; };
		2BBFC26620D36F2C00F3FA50 /* Json2MarkdownParser.cpp */ = {isa = PBXFileReference; fileEncoding = 4; lastKnownFileType = sourcecode.cpp.cpp; path = Json2MarkdownParser.cpp; sourceTree = "<group>"; };
		2BBFC26720D36F2C00F3FA50 /* Block.cpp */ = {isa = PBXFileReference; fileEncoding = 4; lastKnownFileType = sourcecode.cpp.cpp; path = Block.cpp; sourceTree = "<group>"; };
		2BBFC26820D36F2C00F3FA50 /* Json2MarkdownParser.hpp */ = {isa = PBXFileReference; fileEncoding = 4; lastKnownFileType = sourcecode.cpp.h; path = Json2MarkdownParser.hpp; sourceTree = "<group>"; };
		2BBFC26920D36F2C00F3FA50 /* Block.hpp */ = {isa = PBXFileReference; fileEncoding = 4; lastKnownFileType = sourcecode.cpp.h; path = Block.hpp; sourceTree = "<group>"; };
		2BBFC26A20D36F2C00F3FA50 /* Doc.cpp */ = {isa = PBXFileReference; fileEncoding = 4; lastKnownFileType = sourcecode.cpp.cpp; path = Doc.cpp; sourceTree = "<group>"; };
		2BBFC26B20D36F2C00F3FA50 /* Style.hpp */ = {isa = PBXFileReference; fileEncoding = 4; lastKnownFileType = sourcecode.cpp.h; path = Style.hpp; sourceTree = "<group>"; };
		2BBFC26C20D36F2C00F3FA50 /* wstring_utils.hpp */ = {isa = PBXFileReference; fileEncoding = 4; lastKnownFileType = sourcecode.cpp.h; path = wstring_utils.hpp; sourceTree = "<group>"; };
		2BBFC27820D39FD300F3FA50 /* Wrapper.mm */ = {isa = PBXFileReference; lastKnownFileType = sourcecode.cpp.objcpp; path = Wrapper.mm; sourceTree = "<group>"; };
		2BBFC27A20D3A0BC00F3FA50 /* Wrapper.h */ = {isa = PBXFileReference; lastKnownFileType = sourcecode.c.h; path = Wrapper.h; sourceTree = "<group>"; };
		2BBFC27D20D3A4E200F3FA50 /* SwiftPlusCPP-Bridging-Header.h */ = {isa = PBXFileReference; lastKnownFileType = sourcecode.c.h; path = "SwiftPlusCPP-Bridging-Header.h"; sourceTree = "<group>"; };
/* End PBXFileReference section */

/* Begin PBXFrameworksBuildPhase section */
		2BBFC21120D3665D00F3FA50 /* Frameworks */ = {
			isa = PBXFrameworksBuildPhase;
			buildActionMask = 2147483647;
			files = (
			);
			runOnlyForDeploymentPostprocessing = 0;
		};
/* End PBXFrameworksBuildPhase section */

/* Begin PBXGroup section */
		2BBFC20B20D3665D00F3FA50 = {
			isa = PBXGroup;
			children = (
				2BBFC21620D3665D00F3FA50 /* SwiftPlusCPP */,
				2BBFC21520D3665D00F3FA50 /* Products */,
			);
			sourceTree = "<group>";
		};
		2BBFC21520D3665D00F3FA50 /* Products */ = {
			isa = PBXGroup;
			children = (
				2BBFC21420D3665D00F3FA50 /* SwiftPlusCPP.app */,
			);
			name = Products;
			sourceTree = "<group>";
		};
		2BBFC21620D3665D00F3FA50 /* SwiftPlusCPP */ = {
			isa = PBXGroup;
			children = (
				2BBFC21720D3665D00F3FA50 /* AppDelegate.swift */,
				2BBFC27D20D3A4E200F3FA50 /* SwiftPlusCPP-Bridging-Header.h */,
				2BBFC27820D39FD300F3FA50 /* Wrapper.mm */,
				2B29EBDE20EA19F90011AEA1 /* ConverterWrapper.swift */,
				2BBFC27A20D3A0BC00F3FA50 /* Wrapper.h */,
				2BBFC21920D3665D00F3FA50 /* ViewController.swift */,
				2BBFC25120D36F2C00F3FA50 /* cpp */,
				2BBFC21B20D3665D00F3FA50 /* Main.storyboard */,
				2BBFC21E20D3665F00F3FA50 /* Assets.xcassets */,
				2BBFC22020D3665F00F3FA50 /* LaunchScreen.storyboard */,
				2BBFC22320D3665F00F3FA50 /* Info.plist */,
			);
			path = SwiftPlusCPP;
			sourceTree = "<group>";
		};
		2BBFC25120D36F2C00F3FA50 /* cpp */ = {
			isa = PBXGroup;
			children = (
				2BBFC25220D36F2C00F3FA50 /* wstring_utils.cpp */,
				2BBFC25320D36F2C00F3FA50 /* native-lib.cpp */,
				2BBFC25420D36F2C00F3FA50 /* markdown2json */,
				2BBFC26220D36F2C00F3FA50 /* json.h */,
				2BBFC26320D36F2C00F3FA50 /* json2markdown */,
				2BBFC26C20D36F2C00F3FA50 /* wstring_utils.hpp */,
			);
			path = cpp;
			sourceTree = "<group>";
		};
		2BBFC25420D36F2C00F3FA50 /* markdown2json */ = {
			isa = PBXGroup;
			children = (
				2BBFC25520D36F2C00F3FA50 /* GenerateId.hpp */,
				2BBFC25620D36F2C00F3FA50 /* Paragraph.hpp */,
				2BBFC25720D36F2C00F3FA50 /* BodyModel.hpp */,
				2BBFC25820D36F2C00F3FA50 /* Parser.hpp */,
				2BBFC25920D36F2C00F3FA50 /* Rule.hpp */,
				2BBFC25A20D36F2C00F3FA50 /* Markup.hpp */,
				2BBFC25B20D36F2C00F3FA50 /* Content.hpp */,
				2BBFC25C20D36F2C00F3FA50 /* Markup.cpp */,
				2BBFC25D20D36F2C00F3FA50 /* Content.cpp */,
				2BBFC25E20D36F2C00F3FA50 /* Paragraph.cpp */,
				2BBFC25F20D36F2C00F3FA50 /* BlockType.hpp */,
				2BBFC26020D36F2C00F3FA50 /* BodyModel.cpp */,
				2BBFC26120D36F2C00F3FA50 /* Parser.cpp */,
			);
			path = markdown2json;
			sourceTree = "<group>";
		};
		2BBFC26320D36F2C00F3FA50 /* json2markdown */ = {
			isa = PBXGroup;
			children = (
				2BBFC26420D36F2C00F3FA50 /* Doc.hpp */,
				2BBFC26520D36F2C00F3FA50 /* Style.cpp */,
				2BBFC26620D36F2C00F3FA50 /* Json2MarkdownParser.cpp */,
				2BBFC26720D36F2C00F3FA50 /* Block.cpp */,
				2BBFC26820D36F2C00F3FA50 /* Json2MarkdownParser.hpp */,
				2BBFC26920D36F2C00F3FA50 /* Block.hpp */,
				2BBFC26A20D36F2C00F3FA50 /* Doc.cpp */,
				2BBFC26B20D36F2C00F3FA50 /* Style.hpp */,
			);
			path = json2markdown;
			sourceTree = "<group>";
		};
/* End PBXGroup section */

/* Begin PBXNativeTarget section */
		2BBFC21320D3665D00F3FA50 /* SwiftPlusCPP */ = {
			isa = PBXNativeTarget;
			buildConfigurationList = 2BBFC22620D3665F00F3FA50 /* Build configuration list for PBXNativeTarget "SwiftPlusCPP" */;
			buildPhases = (
				2BBFC21020D3665D00F3FA50 /* Sources */,
				2BBFC21120D3665D00F3FA50 /* Frameworks */,
				2BBFC21220D3665D00F3FA50 /* Resources */,
			);
			buildRules = (
			);
			dependencies = (
			);
			name = SwiftPlusCPP;
			productName = SwiftPlusCPP;
			productReference = 2BBFC21420D3665D00F3FA50 /* SwiftPlusCPP.app */;
			productType = "com.apple.product-type.application";
		};
/* End PBXNativeTarget section */

/* Begin PBXProject section */
		2BBFC20C20D3665D00F3FA50 /* Project object */ = {
			isa = PBXProject;
			attributes = {
				LastSwiftUpdateCheck = 0930;
				LastUpgradeCheck = 0930;
				ORGANIZATIONNAME = radar;
				TargetAttributes = {
					2BBFC21320D3665D00F3FA50 = {
						CreatedOnToolsVersion = 9.3;
					};
				};
			};
			buildConfigurationList = 2BBFC20F20D3665D00F3FA50 /* Build configuration list for PBXProject "SwiftPlusCPP" */;
			compatibilityVersion = "Xcode 9.3";
			developmentRegion = en;
			hasScannedForEncodings = 0;
			knownRegions = (
				en,
				Base,
			);
			mainGroup = 2BBFC20B20D3665D00F3FA50;
			productRefGroup = 2BBFC21520D3665D00F3FA50 /* Products */;
			projectDirPath = "";
			projectRoot = "";
			targets = (
				2BBFC21320D3665D00F3FA50 /* SwiftPlusCPP */,
			);
		};
/* End PBXProject section */

/* Begin PBXResourcesBuildPhase section */
		2BBFC21220D3665D00F3FA50 /* Resources */ = {
			isa = PBXResourcesBuildPhase;
			buildActionMask = 2147483647;
			files = (
				2BBFC22220D3665F00F3FA50 /* LaunchScreen.storyboard in Resources */,
				2BBFC21F20D3665F00F3FA50 /* Assets.xcassets in Resources */,
				2BBFC21D20D3665D00F3FA50 /* Main.storyboard in Resources */,
			);
			runOnlyForDeploymentPostprocessing = 0;
		};
/* End PBXResourcesBuildPhase section */

/* Begin PBXSourcesBuildPhase section */
		2BBFC21020D3665D00F3FA50 /* Sources */ = {
			isa = PBXSourcesBuildPhase;
			buildActionMask = 2147483647;
			files = (
				2BBFC21A20D3665D00F3FA50 /* ViewController.swift in Sources */,
				2BBFC27520D36F2C00F3FA50 /* Json2MarkdownParser.cpp in Sources */,
				2BBFC26D20D36F2C00F3FA50 /* wstring_utils.cpp in Sources */,
				2BBFC27920D39FD300F3FA50 /* Wrapper.mm in Sources */,
				2BBFC26E20D36F2C00F3FA50 /* native-lib.cpp in Sources */,
				2BBFC27020D36F2C00F3FA50 /* Content.cpp in Sources */,
				2BBFC27320D36F2C00F3FA50 /* Parser.cpp in Sources */,
				2BBFC21820D3665D00F3FA50 /* AppDelegate.swift in Sources */,
				2BBFC27220D36F2C00F3FA50 /* BodyModel.cpp in Sources */,
				2B29EBDF20EA19F90011AEA1 /* ConverterWrapper.swift in Sources */,
				2BBFC27420D36F2C00F3FA50 /* Style.cpp in Sources */,
				2BBFC27620D36F2C00F3FA50 /* Block.cpp in Sources */,
				2BBFC27720D36F2C00F3FA50 /* Doc.cpp in Sources */,
				2BBFC27120D36F2C00F3FA50 /* Paragraph.cpp in Sources */,
				2BBFC26F20D36F2C00F3FA50 /* Markup.cpp in Sources */,
			);
			runOnlyForDeploymentPostprocessing = 0;
		};
/* End PBXSourcesBuildPhase section */

/* Begin PBXVariantGroup section */
		2BBFC21B20D3665D00F3FA50 /* Main.storyboard */ = {
			isa = PBXVariantGroup;
			children = (
				2BBFC21C20D3665D00F3FA50 /* Base */,
			);
			name = Main.storyboard;
			sourceTree = "<group>";
		};
		2BBFC22020D3665F00F3FA50 /* LaunchScreen.storyboard */ = {
			isa = PBXVariantGroup;
			children = (
				2BBFC22120D3665F00F3FA50 /* Base */,
			);
			name = LaunchScreen.storyboard;
			sourceTree = "<group>";
		};
/* End PBXVariantGroup section */

/* Begin XCBuildConfiguration section */
		2BBFC22420D3665F00F3FA50 /* Debug */ = {
			isa = XCBuildConfiguration;
			buildSettings = {
				ALWAYS_SEARCH_USER_PATHS = NO;
				CLANG_ANALYZER_NONNULL = YES;
				CLANG_ANALYZER_NUMBER_OBJECT_CONVERSION = YES_AGGRESSIVE;
				CLANG_CXX_LANGUAGE_STANDARD = "gnu++14";
				CLANG_CXX_LIBRARY = "libc++";
				CLANG_ENABLE_MODULES = YES;
				CLANG_ENABLE_OBJC_ARC = YES;
				CLANG_ENABLE_OBJC_WEAK = YES;
				CLANG_WARN_BLOCK_CAPTURE_AUTORELEASING = YES;
				CLANG_WARN_BOOL_CONVERSION = YES;
				CLANG_WARN_COMMA = YES;
				CLANG_WARN_CONSTANT_CONVERSION = YES;
				CLANG_WARN_DEPRECATED_OBJC_IMPLEMENTATIONS = YES;
				CLANG_WARN_DIRECT_OBJC_ISA_USAGE = YES_ERROR;
				CLANG_WARN_DOCUMENTATION_COMMENTS = YES;
				CLANG_WARN_EMPTY_BODY = YES;
				CLANG_WARN_ENUM_CONVERSION = YES;
				CLANG_WARN_INFINITE_RECURSION = YES;
				CLANG_WARN_INT_CONVERSION = YES;
				CLANG_WARN_NON_LITERAL_NULL_CONVERSION = YES;
				CLANG_WARN_OBJC_IMPLICIT_RETAIN_SELF = YES;
				CLANG_WARN_OBJC_LITERAL_CONVERSION = YES;
				CLANG_WARN_OBJC_ROOT_CLASS = YES_ERROR;
				CLANG_WARN_RANGE_LOOP_ANALYSIS = YES;
				CLANG_WARN_STRICT_PROTOTYPES = YES;
				CLANG_WARN_SUSPICIOUS_MOVE = YES;
				CLANG_WARN_UNGUARDED_AVAILABILITY = YES_AGGRESSIVE;
				CLANG_WARN_UNREACHABLE_CODE = YES;
				CLANG_WARN__DUPLICATE_METHOD_MATCH = YES;
				CODE_SIGN_IDENTITY = "iPhone Developer";
				COPY_PHASE_STRIP = NO;
				DEBUG_INFORMATION_FORMAT = dwarf;
				ENABLE_STRICT_OBJC_MSGSEND = YES;
				ENABLE_TESTABILITY = YES;
				GCC_C_LANGUAGE_STANDARD = gnu11;
				GCC_DYNAMIC_NO_PIC = NO;
				GCC_NO_COMMON_BLOCKS = YES;
				GCC_OPTIMIZATION_LEVEL = 0;
				GCC_PREPROCESSOR_DEFINITIONS = (
					"DEBUG=1",
					"$(inherited)",
				);
				GCC_WARN_64_TO_32_BIT_CONVERSION = YES;
				GCC_WARN_ABOUT_RETURN_TYPE = YES_ERROR;
				GCC_WARN_UNDECLARED_SELECTOR = YES;
				GCC_WARN_UNINITIALIZED_AUTOS = YES_AGGRESSIVE;
				GCC_WARN_UNUSED_FUNCTION = YES;
				GCC_WARN_UNUSED_VARIABLE = YES;
				IPHONEOS_DEPLOYMENT_TARGET = 11.3;
				MTL_ENABLE_DEBUG_INFO = YES;
				ONLY_ACTIVE_ARCH = YES;
				SDKROOT = iphoneos;
				SWIFT_ACTIVE_COMPILATION_CONDITIONS = DEBUG;
				SWIFT_OPTIMIZATION_LEVEL = "-Onone";
			};
			name = Debug;
		};
		2BBFC22520D3665F00F3FA50 /* Release */ = {
			isa = XCBuildConfiguration;
			buildSettings = {
				ALWAYS_SEARCH_USER_PATHS = NO;
				CLANG_ANALYZER_NONNULL = YES;
				CLANG_ANALYZER_NUMBER_OBJECT_CONVERSION = YES_AGGRESSIVE;
				CLANG_CXX_LANGUAGE_STANDARD = "gnu++14";
				CLANG_CXX_LIBRARY = "libc++";
				CLANG_ENABLE_MODULES = YES;
				CLANG_ENABLE_OBJC_ARC = YES;
				CLANG_ENABLE_OBJC_WEAK = YES;
				CLANG_WARN_BLOCK_CAPTURE_AUTORELEASING = YES;
				CLANG_WARN_BOOL_CONVERSION = YES;
				CLANG_WARN_COMMA = YES;
				CLANG_WARN_CONSTANT_CONVERSION = YES;
				CLANG_WARN_DEPRECATED_OBJC_IMPLEMENTATIONS = YES;
				CLANG_WARN_DIRECT_OBJC_ISA_USAGE = YES_ERROR;
				CLANG_WARN_DOCUMENTATION_COMMENTS = YES;
				CLANG_WARN_EMPTY_BODY = YES;
				CLANG_WARN_ENUM_CONVERSION = YES;
				CLANG_WARN_INFINITE_RECURSION = YES;
				CLANG_WARN_INT_CONVERSION = YES;
				CLANG_WARN_NON_LITERAL_NULL_CONVERSION = YES;
				CLANG_WARN_OBJC_IMPLICIT_RETAIN_SELF = YES;
				CLANG_WARN_OBJC_LITERAL_CONVERSION = YES;
				CLANG_WARN_OBJC_ROOT_CLASS = YES_ERROR;
				CLANG_WARN_RANGE_LOOP_ANALYSIS = YES;
				CLANG_WARN_STRICT_PROTOTYPES = YES;
				CLANG_WARN_SUSPICIOUS_MOVE = YES;
				CLANG_WARN_UNGUARDED_AVAILABILITY = YES_AGGRESSIVE;
				CLANG_WARN_UNREACHABLE_CODE = YES;
				CLANG_WARN__DUPLICATE_METHOD_MATCH = YES;
				CODE_SIGN_IDENTITY = "iPhone Developer";
				COPY_PHASE_STRIP = NO;
				DEBUG_INFORMATION_FORMAT = "dwarf-with-dsym";
				ENABLE_NS_ASSERTIONS = NO;
				ENABLE_STRICT_OBJC_MSGSEND = YES;
				GCC_C_LANGUAGE_STANDARD = gnu11;
				GCC_NO_COMMON_BLOCKS = YES;
				GCC_WARN_64_TO_32_BIT_CONVERSION = YES;
				GCC_WARN_ABOUT_RETURN_TYPE = YES_ERROR;
				GCC_WARN_UNDECLARED_SELECTOR = YES;
				GCC_WARN_UNINITIALIZED_AUTOS = YES_AGGRESSIVE;
				GCC_WARN_UNUSED_FUNCTION = YES;
				GCC_WARN_UNUSED_VARIABLE = YES;
				IPHONEOS_DEPLOYMENT_TARGET = 11.3;
				MTL_ENABLE_DEBUG_INFO = NO;
				SDKROOT = iphoneos;
				SWIFT_COMPILATION_MODE = wholemodule;
				SWIFT_OPTIMIZATION_LEVEL = "-O";
				VALIDATE_PRODUCT = YES;
			};
			name = Release;
		};
		2BBFC22720D3665F00F3FA50 /* Debug */ = {
			isa = XCBuildConfiguration;
			buildSettings = {
				ASSETCATALOG_COMPILER_APPICON_NAME = AppIcon;
				CODE_SIGN_STYLE = Automatic;
				DEVELOPMENT_TEAM = KLFD6CD68C;
				INFOPLIST_FILE = SwiftPlusCPP/Info.plist;
				IPHONEOS_DEPLOYMENT_TARGET = 9.0;
				LD_RUNPATH_SEARCH_PATHS = (
					"$(inherited)",
					"@executable_path/Frameworks",
				);
				PRODUCT_BUNDLE_IDENTIFIER = com.test.SwiftPlusCPP;
				PRODUCT_NAME = "$(TARGET_NAME)";
				SWIFT_OBJC_BRIDGING_HEADER = "SwiftPlusCPP/SwiftPlusCPP-Bridging-Header.h";
				SWIFT_VERSION = 4.0;
				TARGETED_DEVICE_FAMILY = "1,2";
			};
			name = Debug;
		};
		2BBFC22820D3665F00F3FA50 /* Release */ = {
			isa = XCBuildConfiguration;
			buildSettings = {
				ASSETCATALOG_COMPILER_APPICON_NAME = AppIcon;
				CODE_SIGN_STYLE = Automatic;
				DEVELOPMENT_TEAM = KLFD6CD68C;
				INFOPLIST_FILE = SwiftPlusCPP/Info.plist;
				IPHONEOS_DEPLOYMENT_TARGET = 9.0;
				LD_RUNPATH_SEARCH_PATHS = (
					"$(inherited)",
					"@executable_path/Frameworks",
				);
				PRODUCT_BUNDLE_IDENTIFIER = com.test.SwiftPlusCPP;
				PRODUCT_NAME = "$(TARGET_NAME)";
				SWIFT_OBJC_BRIDGING_HEADER = "SwiftPlusCPP/SwiftPlusCPP-Bridging-Header.h";
				SWIFT_VERSION = 4.0;
				TARGETED_DEVICE_FAMILY = "1,2";
			};
			name = Release;
		};
/* End XCBuildConfiguration section */

/* Begin XCConfigurationList section */
		2BBFC20F20D3665D00F3FA50 /* Build configuration list for PBXProject "SwiftPlusCPP" */ = {
			isa = XCConfigurationList;
			buildConfigurations = (
				2BBFC22420D3665F00F3FA50 /* Debug */,
				2BBFC22520D3665F00F3FA50 /* Release */,
			);
			defaultConfigurationIsVisible = 0;
			defaultConfigurationName = Release;
		};
		2BBFC22620D3665F00F3FA50 /* Build configuration list for PBXNativeTarget "SwiftPlusCPP" */ = {
			isa = XCConfigurationList;
			buildConfigurations = (
				2BBFC22720D3665F00F3FA50 /* Debug */,
				2BBFC22820D3665F00F3FA50 /* Release */,
			);
			defaultConfigurationIsVisible = 0;
			defaultConfigurationName = Release;
		};
/* End XCConfigurationList section */
	};
	rootObject = 2BBFC20C20D3665D00F3FA50 /* Project object */;
}
